
Microsoft Visual Studio Solution File, Format Version 12.00
# Visual Studio Version 17
VisualStudioVersion = 17.9.34723.18
MinimumVisualStudioVersion = 10.0.40219.1
Project("{FAE04EC0-301F-11D3-BF4B-00C04F79EFBC}") = "hukukProjesi", "hukukProjesi\hukukProjesi.csproj", "{968C9F0A-ED73-4CF5-9399-6317AA2C9C4E}"
EndProject
Global
	GlobalSection(SolutionConfigurationPlatforms) = preSolution
		Debug|Any CPU = Debug|Any CPU
		Release|Any CPU = Release|Any CPU
	EndGlobalSection
	GlobalSection(ProjectConfigurationPlatforms) = postSolution
		{968C9F0A-ED73-4CF5-9399-6317AA2C9C4E}.Debug|Any CPU.ActiveCfg = Debug|Any CPU
		{968C9F0A-ED73-4CF5-9399-6317AA2C9C4E}.Debug|Any CPU.Build.0 = Debug|Any CPU
		{968C9F0A-ED73-4CF5-9399-6317AA2C9C4E}.Release|Any CPU.ActiveCfg = Release|Any CPU
		{968C9F0A-ED73-4CF5-9399-6317AA2C9C4E}.Release|Any CPU.Build.0 = Release|Any CPU
	EndGlobalSection
	GlobalSection(SolutionProperties) = preSolution
		HideSolutionNode = FALSE
	EndGlobalSection
	GlobalSection(ExtensibilityGlobals) = postSolution
		SolutionGuid = {E6CF6E50-73E1-40E4-A101-3CFF038999E4}
	EndGlobalSection
EndGlobal
